
Microsoft Visual Studio Solution File, Format Version 12.00
# Visual Studio 14
VisualStudioVersion = 14.0.25420.1
MinimumVisualStudioVersion = 10.0.40219.1
Project("{FAE04EC0-301F-11D3-BF4B-00C04F79EFBC}") = "Microsoft.Shared.Dna.Text", "Microsoft.Shared.Dna.Text\Microsoft.Shared.Dna.Text.csproj", "{583D90B7-C535-4462-B0C8-251FD5B14E4F}"
EndProject
Project("{FAE04EC0-301F-11D3-BF4B-00C04F79EFBC}") = "Microsoft.Shared.Dna.Text.Test", "Microsoft.Shared.Dna.Text.Test\Microsoft.Shared.Dna.Text.Test.csproj", "{C3BD4E03-E802-4734-B311-CE5DD2D834BC}"
EndProject
Project("{2150E333-8FDC-42A3-9474-1A3956D46DE8}") = "Solution Items", "Solution Items", "{070B3778-7340-4FFE-83A0-CCD263C62CA6}"
	ProjectSection(SolutionItems) = preProject
		CONTRIBUTING.md = CONTRIBUTING.md
		LICENSE.txt = LICENSE.txt
		Microsoft.Shared.Dna.Dictionary.xml = Microsoft.Shared.Dna.Dictionary.xml
		Microsoft.Shared.Dna.ruleset = Microsoft.Shared.Dna.ruleset
		Microsoft.Shared.Dna.targets = Microsoft.Shared.Dna.targets
		Microsoft.Shared.Dna.Test.ruleset = Microsoft.Shared.Dna.Test.ruleset
		NuGet.config = NuGet.config
		README.md = README.md
		Settings.StyleCop = Settings.StyleCop
	EndProjectSection
EndProject
Global
	GlobalSection(SolutionConfigurationPlatforms) = preSolution
		Debug|Any CPU = Debug|Any CPU
		Release|Any CPU = Release|Any CPU
	EndGlobalSection
	GlobalSection(ProjectConfigurationPlatforms) = postSolution
		{583D90B7-C535-4462-B0C8-251FD5B14E4F}.Debug|Any CPU.ActiveCfg = Debug|Any CPU
		{583D90B7-C535-4462-B0C8-251FD5B14E4F}.Debug|Any CPU.Build.0 = Debug|Any CPU
		{583D90B7-C535-4462-B0C8-251FD5B14E4F}.Release|Any CPU.ActiveCfg = Release|Any CPU
		{583D90B7-C535-4462-B0C8-251FD5B14E4F}.Release|Any CPU.Build.0 = Release|Any CPU
		{C3BD4E03-E802-4734-B311-CE5DD2D834BC}.Debug|Any CPU.ActiveCfg = Debug|Any CPU
		{C3BD4E03-E802-4734-B311-CE5DD2D834BC}.Debug|Any CPU.Build.0 = Debug|Any CPU
		{C3BD4E03-E802-4734-B311-CE5DD2D834BC}.Release|Any CPU.ActiveCfg = Release|Any CPU
		{C3BD4E03-E802-4734-B311-CE5DD2D834BC}.Release|Any CPU.Build.0 = Release|Any CPU
	EndGlobalSection
	GlobalSection(SolutionProperties) = preSolution
		HideSolutionNode = FALSE
	EndGlobalSection
EndGlobal
